
Microsoft Visual Studio Solution File, Format Version 12.00
# Visual Studio Version 17
VisualStudioVersion = 17.5.33530.505
MinimumVisualStudioVersion = 10.0.40219.1
Project("{888888A0-9F3D-457C-B088-3A5042F75D52}") = "PclientOPAI", "PclientOPAI\PclientOPAI.pyproj", "{9A9C64C3-BCBC-4B2C-B441-8E35D4820DD5}"
EndProject
Global
	GlobalSection(SolutionConfigurationPlatforms) = preSolution
		Debug|Any CPU = Debug|Any CPU
		Release|Any CPU = Release|Any CPU
	EndGlobalSection
	GlobalSection(ProjectConfigurationPlatforms) = postSolution
		{9A9C64C3-BCBC-4B2C-B441-8E35D4820DD5}.Debug|Any CPU.ActiveCfg = Debug|Any CPU
		{9A9C64C3-BCBC-4B2C-B441-8E35D4820DD5}.Release|Any CPU.ActiveCfg = Release|Any CPU
	EndGlobalSection
	GlobalSection(SolutionProperties) = preSolution
		HideSolutionNode = FALSE
	EndGlobalSection
	GlobalSection(ExtensibilityGlobals) = postSolution
		SolutionGuid = {5C3BBE70-4A7C-4B9B-838E-F50188C3C57C}
	EndGlobalSection
EndGlobal
